{
  "name": "gatsby-tests",
  "version": "1.0.0",
  "lockfileVersion": 1,
  "requires": true,
  "dependencies": {
    "jstat": {
      "version": "1.9.3",
      "resolved": "https://registry.npmjs.org/jstat/-/jstat-1.9.3.tgz",
      "integrity": "sha512-/2JL4Xv6xfhN2+AEKQGTYr1LZTmBCR/5fHxJVvb9zWNsmKZfKrl3wYYK8SD/Z8kXkf+ZSusfumLZ4wDTHrWujA=="
    },
    "slugify": {
      "version": "1.4.0",
      "resolved": "https://registry.npmjs.org/slugify/-/slugify-1.4.0.tgz",
      "integrity": "sha512-FtLNsMGBSRB/0JOE2A0fxlqjI6fJsgHGS13iTuVT28kViI4JjUiNqp/vyis0ZXYcMnpR3fzGNkv+6vRlI2GwdQ=="
    }
  }
}
